
Microsoft Visual Studio Solution File, Format Version 12.00
# Visual Studio Version 17
VisualStudioVersion = 17.1.32120.378
MinimumVisualStudioVersion = 10.0.40219.1
Project("{8BC9CEB8-8B4A-11D0-8D11-00A0C91BC942}") = "LearnDirectX11_v3", "LearnDirectX11_v3\LearnDirectX11_v3.vcxproj", "{74B6B6D6-D024-4512-8ABC-A9074D1CE037}"
EndProject
Global
	GlobalSection(SolutionConfigurationPlatforms) = preSolution
		Debug|x64 = Debug|x64
		Debug|x86 = Debug|x86
		Release|x64 = Release|x64
		Release|x86 = Release|x86
	EndGlobalSection
	GlobalSection(ProjectConfigurationPlatforms) = postSolution
		{74B6B6D6-D024-4512-8ABC-A9074D1CE037}.Debug|x64.ActiveCfg = Debug|x64
		{74B6B6D6-D024-4512-8ABC-A9074D1CE037}.Debug|x64.Build.0 = Debug|x64
		{74B6B6D6-D024-4512-8ABC-A9074D1CE037}.Debug|x86.ActiveCfg = Debug|Win32
		{74B6B6D6-D024-4512-8ABC-A9074D1CE037}.Debug|x86.Build.0 = Debug|Win32
		{74B6B6D6-D024-4512-8ABC-A9074D1CE037}.Release|x64.ActiveCfg = Release|x64
		{74B6B6D6-D024-4512-8ABC-A9074D1CE037}.Release|x64.Build.0 = Release|x64
		{74B6B6D6-D024-4512-8ABC-A9074D1CE037}.Release|x86.ActiveCfg = Release|Win32
		{74B6B6D6-D024-4512-8ABC-A9074D1CE037}.Release|x86.Build.0 = Release|Win32
	EndGlobalSection
	GlobalSection(SolutionProperties) = preSolution
		HideSolutionNode = FALSE
	EndGlobalSection
	GlobalSection(ExtensibilityGlobals) = postSolution
		SolutionGuid = {38F92A0E-3657-4804-B54F-D2EFE0315AC0}
	EndGlobalSection
EndGlobal
